<Solution>
  <Configurations>
    <BuildType Name="Debug" />
    <BuildType Name="EasyTest" />
    <BuildType Name="Release" />
  </Configurations>
  <Project Path="XAFDocker.Blazor.Server/XAFDocker.Blazor.Server.csproj" />
  <Project Path="XAFDocker.Module/XAFDocker.Module.csproj" />
</Solution>
